{
  "name": "server",
  "lockfileVersion": 2,
  "requires": true,
  "packages": {
    "": {
      "dependencies": {
        "@prisma/client": "^4.5.0"
      }
    },
    "node_modules/@prisma/client": {
      "version": "4.5.0",
      "resolved": "https://registry.npmjs.org/@prisma/client/-/client-4.5.0.tgz",
      "integrity": "sha512-B2cV0OPI1smhdYUxsJoLYQLoMlLH06MUxgFUWQnHodGMX98VRVXKmQE/9OcrTNkqtke5RC+YU24Szxd04tZA2g==",
      "hasInstallScript": true,
      "dependencies": {
        "@prisma/engines-version": "4.5.0-43.0362da9eebca54d94c8ef5edd3b2e90af99ba452"
      },
      "engines": {
        "node": ">=14.17"
      },
      "peerDependencies": {
        "prisma": "*"
      },
      "peerDependenciesMeta": {
        "prisma": {
          "optional": true
        }
      }
    },
    "node_modules/@prisma/engines-version": {
      "version": "4.5.0-43.0362da9eebca54d94c8ef5edd3b2e90af99ba452",
      "resolved": "https://registry.npmjs.org/@prisma/engines-version/-/engines-version-4.5.0-43.0362da9eebca54d94c8ef5edd3b2e90af99ba452.tgz",
      "integrity": "sha512-o7LyVx8PPJBLrEzLl6lpxxk2D5VnlM4Fwmrbq0NoT6pr5aa1OuHD9ZG+WJY6TlR/iD9bhmo2LNcxddCMr5Rv2A=="
    }
  },
  "dependencies": {
    "@prisma/client": {
      "version": "4.5.0",
      "resolved": "https://registry.npmjs.org/@prisma/client/-/client-4.5.0.tgz",
      "integrity": "sha512-B2cV0OPI1smhdYUxsJoLYQLoMlLH06MUxgFUWQnHodGMX98VRVXKmQE/9OcrTNkqtke5RC+YU24Szxd04tZA2g==",
      "requires": {
        "@prisma/engines-version": "4.5.0-43.0362da9eebca54d94c8ef5edd3b2e90af99ba452"
      }
    },
    "@prisma/engines-version": {
      "version": "4.5.0-43.0362da9eebca54d94c8ef5edd3b2e90af99ba452",
      "resolved": "https://registry.npmjs.org/@prisma/engines-version/-/engines-version-4.5.0-43.0362da9eebca54d94c8ef5edd3b2e90af99ba452.tgz",
      "integrity": "sha512-o7LyVx8PPJBLrEzLl6lpxxk2D5VnlM4Fwmrbq0NoT6pr5aa1OuHD9ZG+WJY6TlR/iD9bhmo2LNcxddCMr5Rv2A=="
    }
  }
}
